<Solution>
  <Project Path="01_02_MyFirstProgram/01_02_MyFirstProgram.csproj" Id="040b0e66-b0ea-4926-83ef-8cb78946d0e8" />
  <Project Path="03_Variables/03_Variables.csproj" Id="8189f6fd-fbd2-408e-8ddd-7c07c5a0e931" />
  <Project Path="04_Constants/04_Constants.csproj" Id="6b7a69fa-9dd4-4817-93df-b9ea1ecf2a6a" />
  <Project Path="05_TypeCasting/05_TypeCasting.csproj" Id="f514a508-8d9f-4857-b0ec-2ad335aeb7f0" />
  <Project Path="06_UserInput/06_UserInput.csproj" Id="aae2c2d0-0c7e-4708-b459-d492f9d03b64" />
  <Project Path="07_ArithmeticOperations/07_ArithmeticOperations.csproj" Id="3b21d503-44c0-46ae-a8f4-3188b1cd6dae" />
  <Project Path="08_MathClass/08_MathClass.csproj" Id="ace61b11-9152-4cf4-a388-196dd34b83d5" />
  <Project Path="09_RandomNumbers/09_RandomNumbers.csproj" Id="f9575c49-8303-4521-a1b9-f9a504089dc4" />
  <Project Path="10_HypotenuseCalculatorProgram/10_HypotenuseCalculatorProgram.csproj" Id="fcd41653-0ca4-4e44-8701-c8bf08ba203e" />
  <Project Path="11_StringMethods/11_StringMethods.csproj" Id="e56f98ad-32d2-453f-97a0-d42719f87dcc" />
  <Project Path="12_If_else/12_If_else.csproj" Id="ba49b502-b89e-4b91-b575-1fc18c70e105" />
  <Project Path="13_switch_case/13_switch_case.csproj" Id="b35ca126-efea-419b-8998-81fd6d159819" />
  <Project Path="14_LogicalOperators/14_LogicalOperators.csproj" Id="d6e1b511-ded8-4554-b7c5-1a92b64f5459" />
  <Project Path="15_While_Loops/15_While_Loops.csproj" Id="2d5d4ef0-2ec7-434f-a9d1-d1700c2ffeb6" />
  <Project Path="16_For_Loops/16_For_Loops.csproj" Id="09ae89af-e1ca-43a9-8a49-c2848f1c15c8" />
  <Project Path="17_Nested_For_Loops/17_Nested_For_Loops.csproj" Id="8291bd79-8478-4f54-bcf0-23d28bef2050" />
  <Project Path="18_NumberGuessingGame/18_NumberGuessingGame.csproj" Id="20686900-3ad4-4130-8dcc-a01f8ae37244" />
  <Project Path="19_RockPaperScissorsGame/19_RockPaperScissorsGame.csproj" Id="df310579-233c-4776-9d39-8e08eba59409" />
  <Project Path="20_CalculatorProgram/20_CalculatorProgram.csproj" Id="d733dbf5-94a4-4898-bd11-ccab02bede8d" />
  <Project Path="21_Arrays/21_22_Arrays.csproj" Id="7eb88583-de89-4192-abc3-e38377f8e706" />
  <Project Path="23_methods/23_methods.csproj" Id="ed31ed5c-1c6a-40d4-997c-4a254e510b0a" />
  <Project Path="24_ReturnKeyWord/24_ReturnKeyWord.csproj" Id="34a6a99d-b930-4d64-b644-3e92a579ed86" />
  <Project Path="25_MethodOverloading/25_MethodOverloading.csproj" Id="ee39e9ab-c1c5-4c9d-a442-d4727a334a55" />
  <Project Path="26_ParamsKeyword/26_ParamsKeyword.csproj" Id="9dfb1c09-fd1c-4ebc-ad93-b20b55f29a75" />
  <Project Path="27_ExceptionHandling/27_ExceptionHandling.csproj" Id="fb3de7c1-fe3f-4fd8-ba9c-34312a1ec4f4" />
  <Project Path="28_ConditionalOperator/28_ConditionalOperator.csproj" Id="db126b21-a922-497a-9237-3332f5f9ba8c" />
  <Project Path="29_StringInterpolation/29_StringInterpolation.csproj" Id="b6e961da-0824-42fb-ba3d-2e7e17cfaeab" />
  <Project Path="30_1_JaggedArrays_LearnFromGPT/30_1_JaggedArrays_LearnFromGPT.csproj" Id="cbaef072-ec1a-48c1-a381-0f5525b256f3" />
  <Project Path="30_MultidimentionalArrays/30_MultidimentionalArrays.csproj" Id="d70f1458-a83c-48e6-869f-ff602a04db89" />
  <Project Path="31_Classes/31_Classes.csproj" Id="7d515fe1-4610-4eb3-8889-69fd02b16bb9" />
  <Project Path="32_Objects/32_Objects.csproj" Id="9ba534b0-e1e5-4691-bb07-de2bf8ce430c" />
  <Project Path="33_1_Constructors/33_1_Constructors.csproj" Id="e10f9361-bb5c-46a1-a709-c987671e5f91" />
  <Project Path="33_Constructors/33_Constructors.csproj" Id="0ebc4dde-7443-4453-a516-08e512f44af7" />
  <Project Path="34_StaticModifier/34_StaticModifier.csproj" Id="a34481f7-6fba-407b-8421-1fd4c5bae2fd" />
  <Project Path="35_OverloadedConstructors/35_OverloadedConstructors.csproj" Id="73b5da97-80f2-4b68-b0bf-1a3426a43167" />
  <Project Path="36_Inheritance/36_Inheritance.csproj" Id="f3eda2e3-57f9-4f9a-b9c6-d8e7121305a9" />
  <Project Path="37_AbstractClasses/37_AbstractClasses.csproj" Id="10438278-6ef7-4374-a33e-633bb912c9f9" />
  <Project Path="38_ArrayOfObjects/38_ArrayOfObjects.csproj" Id="2305eb49-1236-4668-9f20-bc11fcdc15a6" />
  <Project Path="39_1_ObjectsAsArguments/39_1_ObjectsAsArguments.csproj" Id="044b9444-8da7-4600-a6e7-3cf8bcccd1ce" />
  <Project Path="39_ObjectsAsArguments/39_ObjectsAsArguments.csproj" Id="378ca7fe-0580-45ba-99c0-fc7c9de78974" />
  <Project Path="40_MethodOverriding/40_MethodOverriding.csproj" Id="e27594a5-818c-4fd7-9d7e-a314fd14bfac" />
  <Project Path="41_ToStringMethod/41_ToStringMethod.csproj" Id="a7ff255d-94b4-427f-946d-ced07f4955ec" />
  <Project Path="42_Polymorphism/42_Polymorphism.csproj" Id="e3036507-cf52-41d7-8113-f2aa36f0f634" />
  <Project Path="43_Interfaces/43_Interfaces.csproj" Id="790d70a9-8d5b-41a1-8805-dc438e65c9b8" />
  <Project Path="44_Lists/44_Lists.csproj" Id="448c01d6-f57a-40ab-9855-1b248ed92717" />
  <Project Path="45_ListOfObjects/45_ListOfObjects.csproj" Id="d5ba8b63-a67f-4b41-b175-0a79264daca3" />
  <Project Path="46_Setter_Getter/46_Setter_Getter.csproj" Id="ebd96ca2-f1fd-4380-ab76-309ec077e9a8" />
  <Project Path="47_AutoImplementedProperties/47_AutoImplementedProperties.csproj" Id="669ba7e1-7013-4b6b-b01e-922063070fec" />
  <Project Path="48_Enums/48_Enums.csproj" Id="4e3ed900-2081-4e16-9202-1f13a6759b03" />
  <Project Path="49_Generics/49_Generics.csproj" Id="0daa574f-be4a-4ec4-8d3c-1c1796214feb" />
  <Project Path="50_Multithreading/50_Multithreading.csproj" Id="dc3e40d2-6e5d-4b99-8df1-8eb76ba0defe" />
</Solution>
